{
  "name": "RMEReviewer",
  "lockfileVersion": 3,
  "requires": true,
  "packages": {
    "": {
      "devDependencies": {
        "admob-plus-cordova": "^2.0.0-alpha.19",
        "cordova-plugin-fullscreen": "^1.3.0",
        "cordova-plugin-inappbrowser": "^5.0.0",
        "cordova-plugin-network-information": "^3.0.0",
        "cordova-plugin-splashscreen": "^6.0.0",
        "cordova-plugin-x-socialsharing": "^6.0.0"
      }
    },
    "node_modules/admob-plus-cordova": {
      "version": "2.0.0-alpha.19",
      "resolved": "https://registry.npmjs.org/admob-plus-cordova/-/admob-plus-cordova-2.0.0-alpha.19.tgz",
      "integrity": "sha512-PIC/sVzN74xU6b9O4JmkKYwLxOPH5Fw0D0hCrZDw+6PIoFKXxkikvT1X6ck8kyR3kg0FYmagGnRX7vUbH0eL0w==",
      "dev": true,
      "license": "MIT",
      "funding": {
        "url": "https://admob-plus.github.io/funding"
      }
    },
    "node_modules/cordova-plugin-fullscreen": {
      "version": "1.3.0",
      "resolved": "https://registry.npmjs.org/cordova-plugin-fullscreen/-/cordova-plugin-fullscreen-1.3.0.tgz",
      "integrity": "sha512-K0SQMUyemQrezNlnfyHXQd8BgpwR3TS/fx456GueRCUdro5QG6tCzDDVBCVEGeKroDhXWmabAlhvO3gPoqw/tg==",
      "dev": true,
      "engines": [
        {
          "name": "cordova",
          "version": ">=3.0.0"
        }
      ],
      "license": "BSD"
    },
    "node_modules/cordova-plugin-inappbrowser": {
      "version": "5.0.0",
      "resolved": "https://registry.npmjs.org/cordova-plugin-inappbrowser/-/cordova-plugin-inappbrowser-5.0.0.tgz",
      "integrity": "sha512-MqnpmUQ/iy6hxtIGDdlIhy8aNi1pNanLATpbnkk7uCqW9YQ4rH/dGK9zESbZ50pUi2A2D2QMjBXNV175TJK5OQ==",
      "dev": true,
      "license": "Apache-2.0",
      "engines": {
        "cordovaDependencies": {
          "0.2.3": {
            "cordova": ">=3.1.0"
          },
          "4.0.0": {
            "cordova": ">=3.1.0",
            "cordova-ios": ">=4.0.0"
          },
          "5.0.0": {
            "cordova": ">=9.0.0",
            "cordova-android": ">=9.0.0",
            "cordova-ios": ">=6.0.0"
          },
          "6.0.0": {
            "cordova": ">100"
          }
        }
      }
    },
    "node_modules/cordova-plugin-network-information": {
      "version": "3.0.0",
      "resolved": "https://registry.npmjs.org/cordova-plugin-network-information/-/cordova-plugin-network-information-3.0.0.tgz",
      "integrity": "sha512-bBtP3PxIX8vshsfR0+F6co2e2cFLgjt18yKIdigzMwk6ANudWQ72RB3g2qMPyT6fBDWmUyE1Qd+bKQB/fZtQwQ==",
      "dev": true,
      "license": "Apache-2.0",
      "engines": {
        "cordovaDependencies": {
          "3.0.0": {
            "cordova": ">=9"
          },
          "4.0.0": {
            "cordova": ">100"
          }
        }
      }
    },
    "node_modules/cordova-plugin-splashscreen": {
      "version": "6.0.0",
      "resolved": "https://registry.npmjs.org/cordova-plugin-splashscreen/-/cordova-plugin-splashscreen-6.0.0.tgz",
      "integrity": "sha512-pm4ZtJKQY4bCGXVeIInbGrXilryTevYSKgfvoQJpW9UClOWKAxSsYf2/4G2u1vcn492svOSL42OSa2MhujBWEQ==",
      "dev": true,
      "license": "Apache-2.0",
      "engines": {
        "cordovaDependencies": {
          ">=4.0.0": {
            "cordova-android": ">=3.6.0",
            "cordova-windows": ">=4.4.0"
          },
          "2.0.0": {
            "cordova-android": ">=3.6.0"
          },
          "7.0.0": {
            "cordova": ">100"
          }
        }
      }
    },
    "node_modules/cordova-plugin-x-socialsharing": {
      "version": "6.0.0",
      "resolved": "https://registry.npmjs.org/cordova-plugin-x-socialsharing/-/cordova-plugin-x-socialsharing-6.0.0.tgz",
      "integrity": "sha512-sqvHf0WR8UCngODWRYQ/1OrXtrBarFpeK1RLr8idb/bQ+yKnZoHUFaM7FK6BOHAKb0IbEzi7f3do1T/2MiLgBw==",
      "dev": true,
      "engines": [
        {
          "name": "cordova",
          "version": ">=3.0.0"
        }
      ],
      "license": "MIT"
    }
  }
}
