{
  "name": "RMEReviewer",
  "lockfileVersion": 3,
  "requires": true,
  "packages": {
    "": {
      "devDependencies": {
        "cordova-plugin-inappbrowser": "^6.0.0",
        "cordova-plugin-splashscreen": "^6.0.2",
        "cordova-plugin-x-socialsharing": "^6.0.4"
      }
    },
    "node_modules/cordova-plugin-inappbrowser": {
      "version": "6.0.0",
      "resolved": "https://registry.npmjs.org/cordova-plugin-inappbrowser/-/cordova-plugin-inappbrowser-6.0.0.tgz",
      "integrity": "sha512-nMJ67YQZwkx1WMfA4tKFdVdTg6FNkh/nQflP1uMw0RVe/cP2kfDrO3SbpUr8yKahpWdSQl1Lmd8D3KKzuAjucA==",
      "dev": true,
      "license": "Apache-2.0",
      "engines": {
        "cordovaDependencies": {
          "0.2.3": {
            "cordova": ">=3.1.0"
          },
          "4.0.0": {
            "cordova": ">=3.1.0",
            "cordova-ios": ">=4.0.0"
          },
          "5.0.0": {
            "cordova": ">=9.0.0",
            "cordova-android": ">=9.0.0",
            "cordova-ios": ">=6.0.0"
          },
          "6.0.0": {
            "cordova": ">=9.0.0",
            "cordova-android": ">=10.0.0",
            "cordova-ios": ">=6.0.0"
          },
          "7.0.0": {
            "cordova": ">100"
          }
        }
      }
    },
    "node_modules/cordova-plugin-splashscreen": {
      "version": "6.0.2",
      "resolved": "https://registry.npmjs.org/cordova-plugin-splashscreen/-/cordova-plugin-splashscreen-6.0.2.tgz",
      "integrity": "sha512-7JiUfnInir+SCOEgTJ+5/cHF3UFl69jp6cAQfHtJaaQt9Pli8D8yTJjU0HGlJCvryvsVs4Xlc7/sEJM7vLJgvg==",
      "dev": true,
      "license": "Apache-2.0",
      "engines": {
        "cordovaDependencies": {
          ">=4.0.0": {
            "cordova-android": ">=3.6.0",
            "cordova-windows": ">=4.4.0"
          },
          "2.0.0": {
            "cordova-android": ">=3.6.0"
          },
          "6.0.2": {
            "cordova-android": ">=3.6.0 <11.0.0",
            "cordova-windows": ">=4.4.0"
          },
          "7.0.0": {
            "cordova": ">100"
          }
        }
      }
    },
    "node_modules/cordova-plugin-x-socialsharing": {
      "version": "6.0.4",
      "resolved": "https://registry.npmjs.org/cordova-plugin-x-socialsharing/-/cordova-plugin-x-socialsharing-6.0.4.tgz",
      "integrity": "sha512-+ak6rN9i2xf/PARA/T3Hss09s0QhpFrOWvrYowy+PkCjGWx/ZVt9RkW+7yKemfyTXSgTp0YkyAAR4r6hPAfBGQ==",
      "dev": true,
      "engines": [
        {
          "name": "cordova",
          "version": ">=3.0.0"
        }
      ],
      "license": "MIT"
    }
  }
}
