{
  "name": "RMEReviewer",
  "lockfileVersion": 3,
  "requires": true,
  "packages": {
    "": {
      "devDependencies": {
        "cordova-plugin-admob-simple": "^3.3.8",
        "cordova-plugin-inappbrowser": "^6.0.0",
        "cordova-plugin-network-information": "^3.0.0",
        "cordova-plugin-x-socialsharing": "^6.0.4"
      }
    },
    "node_modules/cordova-plugin-admob-simple": {
      "version": "3.3.8",
      "resolved": "https://registry.npmjs.org/cordova-plugin-admob-simple/-/cordova-plugin-admob-simple-3.3.8.tgz",
      "integrity": "sha512-C0tl/NAf7o1450rcKk1T/MpZFdn3Jvqax0CYLF4zExLfOokZjlLSKDcK7B8EEqjEy6h/6ycCY5nZ3qEYyotIWQ==",
      "dev": true,
      "license": "MIT"
    },
    "node_modules/cordova-plugin-inappbrowser": {
      "version": "6.0.0",
      "resolved": "https://registry.npmjs.org/cordova-plugin-inappbrowser/-/cordova-plugin-inappbrowser-6.0.0.tgz",
      "integrity": "sha512-nMJ67YQZwkx1WMfA4tKFdVdTg6FNkh/nQflP1uMw0RVe/cP2kfDrO3SbpUr8yKahpWdSQl1Lmd8D3KKzuAjucA==",
      "dev": true,
      "license": "Apache-2.0",
      "engines": {
        "cordovaDependencies": {
          "0.2.3": {
            "cordova": ">=3.1.0"
          },
          "4.0.0": {
            "cordova": ">=3.1.0",
            "cordova-ios": ">=4.0.0"
          },
          "5.0.0": {
            "cordova": ">=9.0.0",
            "cordova-android": ">=9.0.0",
            "cordova-ios": ">=6.0.0"
          },
          "6.0.0": {
            "cordova": ">=9.0.0",
            "cordova-android": ">=10.0.0",
            "cordova-ios": ">=6.0.0"
          },
          "7.0.0": {
            "cordova": ">100"
          }
        }
      }
    },
    "node_modules/cordova-plugin-network-information": {
      "version": "3.0.0",
      "resolved": "https://registry.npmjs.org/cordova-plugin-network-information/-/cordova-plugin-network-information-3.0.0.tgz",
      "integrity": "sha512-bBtP3PxIX8vshsfR0+F6co2e2cFLgjt18yKIdigzMwk6ANudWQ72RB3g2qMPyT6fBDWmUyE1Qd+bKQB/fZtQwQ==",
      "dev": true,
      "license": "Apache-2.0",
      "engines": {
        "cordovaDependencies": {
          "3.0.0": {
            "cordova": ">=9"
          },
          "4.0.0": {
            "cordova": ">100"
          }
        }
      }
    },
    "node_modules/cordova-plugin-x-socialsharing": {
      "version": "6.0.4",
      "resolved": "https://registry.npmjs.org/cordova-plugin-x-socialsharing/-/cordova-plugin-x-socialsharing-6.0.4.tgz",
      "integrity": "sha512-+ak6rN9i2xf/PARA/T3Hss09s0QhpFrOWvrYowy+PkCjGWx/ZVt9RkW+7yKemfyTXSgTp0YkyAAR4r6hPAfBGQ==",
      "dev": true,
      "engines": [
        {
          "name": "cordova",
          "version": ">=3.0.0"
        }
      ],
      "license": "MIT"
    }
  }
}
